// !$*UTF8*$!
{
	archiveVersion = 1;
	classes = {
	};
	objectVersion = 51;
	objects = {

/* Begin PBXBuildFile section */
		13707DCCA9425602E13D3537 /* ContentView.swift in Sources */ = {isa = PBXBuildFile; fileRef = 0BF37C1EE84014EE1D9417FB /* ContentView.swift */; };
		65CA49BE473870F6CCCEAB49 /* Preview Assets.xcassets in Resources */ = {isa = PBXBuildFile; fileRef = D42A22C4BC7FEC845053740C /* Preview Assets.xcassets */; };
		6EE6CF7E162CD5EA09B0C98F /* Assets.xcassets in Resources */ = {isa = PBXBuildFile; fileRef = 2FC456D1574F2DBFB9C101EC /* Assets.xcassets */; };
		82EA40E08327D289EE5364DE /* kazo_city_mediaApp.swift in Sources */ = {isa = PBXBuildFile; fileRef = 19CDE171609DC208E9F31E82 /* kazo_city_mediaApp.swift */; };
/* End PBXBuildFile section */

/* Begin PBXFileReference section */
		0BF37C1EE84014EE1D9417FB /* ContentView.swift */ = {isa = PBXFileReference; lastKnownFileType = sourcecode.swift; path = ContentView.swift; sourceTree = "<group>"; };
		19CDE171609DC208E9F31E82 /* kazo_city_mediaApp.swift */ = {isa = PBXFileReference; lastKnownFileType = sourcecode.swift; path = kazo_city_mediaApp.swift; sourceTree = "<group>"; };
		2FC456D1574F2DBFB9C101EC /* Assets.xcassets */ = {isa = PBXFileReference; lastKnownFileType = folder.assetcatalog; path = Assets.xcassets; sourceTree = "<group>"; };
		5EC03B4C9771F2EA630EA1B5 /* Info.plist */ = {isa = PBXFileReference; lastKnownFileType = text.plist; path = Info.plist; sourceTree = "<group>"; };
		7C3DEB16BBD27DBD1CACA440 /* kazo_city_media.entitlements */ = {isa = PBXFileReference; lastKnownFileType = text.plist.entitlements; path = kazo_city_media.entitlements; sourceTree = "<group>"; };
		B1C83C852C36E03057638B8A /* kazo-city-media.app */ = {isa = PBXFileReference; includeInIndex = 0; lastKnownFileType = wrapper.application; path = "kazo-city-media.app"; sourceTree = BUILT_PRODUCTS_DIR; };
		D42A22C4BC7FEC845053740C /* Preview Assets.xcassets */ = {isa = PBXFileReference; lastKnownFileType = folder.assetcatalog; path = "Preview Assets.xcassets"; sourceTree = "<group>"; };
/* End PBXFileReference section */

/* Begin PBXGroup section */
		04E3657BE4B2298D0AC56C47 /* Preview Content */ = {
			isa = PBXGroup;
			children = (
				D42A22C4BC7FEC845053740C /* Preview Assets.xcassets */,
			);
			path = "Preview Content";
			sourceTree = "<group>";
		};
		0B18202B09037304692AA735 = {
			isa = PBXGroup;
			children = (
				CDAB499AE043780471AC00DB /* kazo-city-media */,
				C13A1A6F36D71819DFF7EF75 /* Products */,
			);
			sourceTree = "<group>";
		};
		C13A1A6F36D71819DFF7EF75 /* Products */ = {
			isa = PBXGroup;
			children = (
				B1C83C852C36E03057638B8A /* kazo-city-media.app */,
			);
			name = Products;
			sourceTree = "<group>";
		};
		CDAB499AE043780471AC00DB /* kazo-city-media */ = {
			isa = PBXGroup;
			children = (
				2FC456D1574F2DBFB9C101EC /* Assets.xcassets */,
				0BF37C1EE84014EE1D9417FB /* ContentView.swift */,
				5EC03B4C9771F2EA630EA1B5 /* Info.plist */,
				7C3DEB16BBD27DBD1CACA440 /* kazo_city_media.entitlements */,
				19CDE171609DC208E9F31E82 /* kazo_city_mediaApp.swift */,
				04E3657BE4B2298D0AC56C47 /* Preview Content */,
			);
			path = "kazo-city-media";
			sourceTree = "<group>";
		};
/* End PBXGroup section */

/* Begin PBXNativeTarget section */
		0C54B9AA7B2AD390C373BB63 /* kazo-city-media */ = {
			isa = PBXNativeTarget;
			buildConfigurationList = C508337FA5CE9927CF2E9805 /* Build configuration list for PBXNativeTarget "kazo-city-media" */;
			buildPhases = (
				AA90F27922B0EE771C309123 /* Sources */,
				C02D4E0A77B61E21FB78F50E /* Resources */,
			);
			buildRules = (
			);
			dependencies = (
			);
			name = "kazo-city-media";
			productName = "kazo-city-media";
			productReference = B1C83C852C36E03057638B8A /* kazo-city-media.app */;
			productType = "com.apple.product-type.application";
		};
/* End PBXNativeTarget section */

/* Begin PBXProject section */
		49E5653A7F6AEB2266D9F0D2 /* Project object */ = {
			isa = PBXProject;
			attributes = {
				LastUpgradeCheck = 1200;
				TargetAttributes = {
					0C54B9AA7B2AD390C373BB63 = {
						DevelopmentTeam = TPXR4FNVUK;
					};
				};
			};
			buildConfigurationList = 4F98E9253696260C9EAAC581 /* Build configuration list for PBXProject "kazo-city-media" */;
			compatibilityVersion = "Xcode 11.0";
			developmentRegion = en;
			hasScannedForEncodings = 0;
			knownRegions = (
				Base,
				en,
			);
			mainGroup = 0B18202B09037304692AA735;
			projectDirPath = "";
			projectRoot = "";
			targets = (
				0C54B9AA7B2AD390C373BB63 /* kazo-city-media */,
			);
		};
/* End PBXProject section */

/* Begin PBXResourcesBuildPhase section */
		C02D4E0A77B61E21FB78F50E /* Resources */ = {
			isa = PBXResourcesBuildPhase;
			buildActionMask = 2147483647;
			files = (
				6EE6CF7E162CD5EA09B0C98F /* Assets.xcassets in Resources */,
				65CA49BE473870F6CCCEAB49 /* Preview Assets.xcassets in Resources */,
			);
			runOnlyForDeploymentPostprocessing = 0;
		};
/* End PBXResourcesBuildPhase section */

/* Begin PBXSourcesBuildPhase section */
		AA90F27922B0EE771C309123 /* Sources */ = {
			isa = PBXSourcesBuildPhase;
			buildActionMask = 2147483647;
			files = (
				13707DCCA9425602E13D3537 /* ContentView.swift in Sources */,
				82EA40E08327D289EE5364DE /* kazo_city_mediaApp.swift in Sources */,
			);
			runOnlyForDeploymentPostprocessing = 0;
		};
/* End PBXSourcesBuildPhase section */

/* Begin XCBuildConfiguration section */
		64B9D8DA5746DFBC77E74683 /* Debug */ = {
			isa = XCBuildConfiguration;
			buildSettings = {
				ALWAYS_SEARCH_USER_PATHS = NO;
				CLANG_ANALYZER_NONNULL = YES;
				CLANG_ANALYZER_NUMBER_OBJECT_CONVERSION = YES_AGGRESSIVE;
				CLANG_CXX_LANGUAGE_STANDARD = "gnu++14";
				CLANG_CXX_LIBRARY = "libc++";
				CLANG_ENABLE_MODULES = YES;
				CLANG_ENABLE_OBJC_ARC = YES;
				CLANG_ENABLE_OBJC_WEAK = YES;
				CLANG_WARN_BLOCK_CAPTURE_AUTORELEASING = YES;
				CLANG_WARN_BOOL_CONVERSION = YES;
				CLANG_WARN_COMMA = YES;
				CLANG_WARN_CONSTANT_CONVERSION = YES;
				CLANG_WARN_DEPRECATED_OBJC_IMPLEMENTATIONS = YES;
				CLANG_WARN_DIRECT_OBJC_ISA_USAGE = YES_ERROR;
				CLANG_WARN_DOCUMENTATION_COMMENTS = YES;
				CLANG_WARN_EMPTY_BODY = YES;
				CLANG_WARN_ENUM_CONVERSION = YES;
				CLANG_WARN_INFINITE_RECURSION = YES;
				CLANG_WARN_INT_CONVERSION = YES;
				CLANG_WARN_NON_LITERAL_NULL_CONVERSION = YES;
				CLANG_WARN_OBJC_IMPLICIT_RETAIN_SELF = YES;
				CLANG_WARN_OBJC_LITERAL_CONVERSION = YES;
				CLANG_WARN_OBJC_ROOT_CLASS = YES_ERROR;
				CLANG_WARN_QUOTED_INCLUDE_IN_FRAMEWORK_HEADER = YES;
				CLANG_WARN_RANGE_LOOP_ANALYSIS = YES;
				CLANG_WARN_STRICT_PROTOTYPES = YES;
				CLANG_WARN_SUSPICIOUS_MOVE = YES;
				CLANG_WARN_UNGUARDED_AVAILABILITY = YES_AGGRESSIVE;
				CLANG_WARN_UNREACHABLE_CODE = YES;
				CLANG_WARN__DUPLICATE_METHOD_MATCH = YES;
				COPY_PHASE_STRIP = NO;
				CURRENT_PROJECT_VERSION = 1.0;
				DEBUG_INFORMATION_FORMAT = dwarf;
				DEVELOPMENT_TEAM = TPXR4FNVUK;
				ENABLE_STRICT_OBJC_MSGSEND = YES;
				ENABLE_TESTABILITY = YES;
				GCC_C_LANGUAGE_STANDARD = gnu11;
				GCC_DYNAMIC_NO_PIC = NO;
				GCC_NO_COMMON_BLOCKS = YES;
				GCC_OPTIMIZATION_LEVEL = 0;
				GCC_PREPROCESSOR_DEFINITIONS = (
					"$(inherited)",
					"DEBUG=1",
				);
				GCC_WARN_64_TO_32_BIT_CONVERSION = YES;
				GCC_WARN_ABOUT_RETURN_TYPE = YES_ERROR;
				GCC_WARN_UNDECLARED_SELECTOR = YES;
				GCC_WARN_UNINITIALIZED_AUTOS = YES_AGGRESSIVE;
				GCC_WARN_UNUSED_FUNCTION = YES;
				GCC_WARN_UNUSED_VARIABLE = YES;
				MARKETING_VERSION = 1.0.0;
				MTL_ENABLE_DEBUG_INFO = INCLUDE_SOURCE;
				MTL_FAST_MATH = YES;
				ONLY_ACTIVE_ARCH = YES;
				PRODUCT_BUNDLE_IDENTIFIER = KazoCityMedia;
				PRODUCT_NAME = "$(TARGET_NAME)";
				SDKROOT = iphoneos;
				SWIFT_ACTIVE_COMPILATION_CONDITIONS = DEBUG;
				SWIFT_OPTIMIZATION_LEVEL = "-Onone";
				SWIFT_VERSION = 5.0;
			};
			name = Debug;
		};
		D10E1CFF09B7D87EE0F0029D /* Release */ = {
			isa = XCBuildConfiguration;
			buildSettings = {
				ALWAYS_SEARCH_USER_PATHS = NO;
				CLANG_ANALYZER_NONNULL = YES;
				CLANG_ANALYZER_NUMBER_OBJECT_CONVERSION = YES_AGGRESSIVE;
				CLANG_CXX_LANGUAGE_STANDARD = "gnu++14";
				CLANG_CXX_LIBRARY = "libc++";
				CLANG_ENABLE_MODULES = YES;
				CLANG_ENABLE_OBJC_ARC = YES;
				CLANG_ENABLE_OBJC_WEAK = YES;
				CLANG_WARN_BLOCK_CAPTURE_AUTORELEASING = YES;
				CLANG_WARN_BOOL_CONVERSION = YES;
				CLANG_WARN_COMMA = YES;
				CLANG_WARN_CONSTANT_CONVERSION = YES;
				CLANG_WARN_DEPRECATED_OBJC_IMPLEMENTATIONS = YES;
				CLANG_WARN_DIRECT_OBJC_ISA_USAGE = YES_ERROR;
				CLANG_WARN_DOCUMENTATION_COMMENTS = YES;
				CLANG_WARN_EMPTY_BODY = YES;
				CLANG_WARN_ENUM_CONVERSION = YES;
				CLANG_WARN_INFINITE_RECURSION = YES;
				CLANG_WARN_INT_CONVERSION = YES;
				CLANG_WARN_NON_LITERAL_NULL_CONVERSION = YES;
				CLANG_WARN_OBJC_IMPLICIT_RETAIN_SELF = YES;
				CLANG_WARN_OBJC_LITERAL_CONVERSION = YES;
				CLANG_WARN_OBJC_ROOT_CLASS = YES_ERROR;
				CLANG_WARN_QUOTED_INCLUDE_IN_FRAMEWORK_HEADER = YES;
				CLANG_WARN_RANGE_LOOP_ANALYSIS = YES;
				CLANG_WARN_STRICT_PROTOTYPES = YES;
				CLANG_WARN_SUSPICIOUS_MOVE = YES;
				CLANG_WARN_UNGUARDED_AVAILABILITY = YES_AGGRESSIVE;
				CLANG_WARN_UNREACHABLE_CODE = YES;
				CLANG_WARN__DUPLICATE_METHOD_MATCH = YES;
				COPY_PHASE_STRIP = NO;
				CURRENT_PROJECT_VERSION = 1.0;
				DEBUG_INFORMATION_FORMAT = "dwarf-with-dsym";
				DEVELOPMENT_TEAM = TPXR4FNVUK;
				ENABLE_NS_ASSERTIONS = NO;
				ENABLE_STRICT_OBJC_MSGSEND = YES;
				GCC_C_LANGUAGE_STANDARD = gnu11;
				GCC_NO_COMMON_BLOCKS = YES;
				GCC_WARN_64_TO_32_BIT_CONVERSION = YES;
				GCC_WARN_ABOUT_RETURN_TYPE = YES_ERROR;
				GCC_WARN_UNDECLARED_SELECTOR = YES;
				GCC_WARN_UNINITIALIZED_AUTOS = YES_AGGRESSIVE;
				GCC_WARN_UNUSED_FUNCTION = YES;
				GCC_WARN_UNUSED_VARIABLE = YES;
				MARKETING_VERSION = 1.0.0;
				MTL_ENABLE_DEBUG_INFO = NO;
				MTL_FAST_MATH = YES;
				PRODUCT_BUNDLE_IDENTIFIER = KazoCityMedia;
				PRODUCT_NAME = "$(TARGET_NAME)";
				SDKROOT = iphoneos;
				SWIFT_COMPILATION_MODE = wholemodule;
				SWIFT_OPTIMIZATION_LEVEL = "-O";
				SWIFT_VERSION = 5.0;
			};
			name = Release;
		};
		D8D212741AB0AE4C0372AABD /* Release */ = {
			isa = XCBuildConfiguration;
			buildSettings = {
				ASSETCATALOG_COMPILER_APPICON_NAME = AppIcon;
				CODE_SIGN_IDENTITY = "iPhone Developer";
				INFOPLIST_FILE = "kazo-city-media/Info.plist";
				LD_RUNPATH_SEARCH_PATHS = (
					"$(inherited)",
					"@executable_path/Frameworks",
				);
				SDKROOT = iphoneos;
				TARGETED_DEVICE_FAMILY = "1,2";
			};
			name = Release;
		};
		DD1E198B8358C98AB6711A4B /* Debug */ = {
			isa = XCBuildConfiguration;
			buildSettings = {
				ASSETCATALOG_COMPILER_APPICON_NAME = AppIcon;
				CODE_SIGN_IDENTITY = "iPhone Developer";
				INFOPLIST_FILE = "kazo-city-media/Info.plist";
				LD_RUNPATH_SEARCH_PATHS = (
					"$(inherited)",
					"@executable_path/Frameworks",
				);
				SDKROOT = iphoneos;
				TARGETED_DEVICE_FAMILY = "1,2";
			};
			name = Debug;
		};
/* End XCBuildConfiguration section */

/* Begin XCConfigurationList section */
		4F98E9253696260C9EAAC581 /* Build configuration list for PBXProject "kazo-city-media" */ = {
			isa = XCConfigurationList;
			buildConfigurations = (
				64B9D8DA5746DFBC77E74683 /* Debug */,
				D10E1CFF09B7D87EE0F0029D /* Release */,
			);
			defaultConfigurationIsVisible = 0;
			defaultConfigurationName = Debug;
		};
		C508337FA5CE9927CF2E9805 /* Build configuration list for PBXNativeTarget "kazo-city-media" */ = {
			isa = XCConfigurationList;
			buildConfigurations = (
				DD1E198B8358C98AB6711A4B /* Debug */,
				D8D212741AB0AE4C0372AABD /* Release */,
			);
			defaultConfigurationIsVisible = 0;
			defaultConfigurationName = Debug;
		};
/* End XCConfigurationList section */
	};
	rootObject = 49E5653A7F6AEB2266D9F0D2 /* Project object */;
}
